
Microsoft Visual Studio Solution File, Format Version 12.00
# Visual Studio Version 16
VisualStudioVersion = 16.0.29418.71
MinimumVisualStudioVersion = 10.0.40219.1
Project("{FAE04EC0-301F-11D3-BF4B-00C04F79EFBC}") = "C03_2", "C03_2\C03_2.csproj", "{67C80F16-D6F9-482E-B1DF-9BF4C057C82A}"
EndProject
Global
	GlobalSection(SolutionConfigurationPlatforms) = preSolution
		Debug|Any CPU = Debug|Any CPU
		Release|Any CPU = Release|Any CPU
	EndGlobalSection
	GlobalSection(ProjectConfigurationPlatforms) = postSolution
		{67C80F16-D6F9-482E-B1DF-9BF4C057C82A}.Debug|Any CPU.ActiveCfg = Debug|Any CPU
		{67C80F16-D6F9-482E-B1DF-9BF4C057C82A}.Debug|Any CPU.Build.0 = Debug|Any CPU
		{67C80F16-D6F9-482E-B1DF-9BF4C057C82A}.Release|Any CPU.ActiveCfg = Release|Any CPU
		{67C80F16-D6F9-482E-B1DF-9BF4C057C82A}.Release|Any CPU.Build.0 = Release|Any CPU
	EndGlobalSection
	GlobalSection(SolutionProperties) = preSolution
		HideSolutionNode = FALSE
	EndGlobalSection
	GlobalSection(ExtensibilityGlobals) = postSolution
		SolutionGuid = {FDF99BCD-BF75-4F28-9943-A649095A3DB1}
	EndGlobalSection
EndGlobal
