
Microsoft Visual Studio Solution File, Format Version 12.00
# Visual Studio Version 16
VisualStudioVersion = 16.0.29609.76
MinimumVisualStudioVersion = 10.0.40219.1
Project("{FAE04EC0-301F-11D3-BF4B-00C04F79EFBC}") = "C12", "C12\C12.csproj", "{BB9B9B2B-A867-4C28-82EB-3959A696FF37}"
EndProject
Global
	GlobalSection(SolutionConfigurationPlatforms) = preSolution
		Debug|Any CPU = Debug|Any CPU
		Release|Any CPU = Release|Any CPU
	EndGlobalSection
	GlobalSection(ProjectConfigurationPlatforms) = postSolution
		{BB9B9B2B-A867-4C28-82EB-3959A696FF37}.Debug|Any CPU.ActiveCfg = Debug|Any CPU
		{BB9B9B2B-A867-4C28-82EB-3959A696FF37}.Debug|Any CPU.Build.0 = Debug|Any CPU
		{BB9B9B2B-A867-4C28-82EB-3959A696FF37}.Release|Any CPU.ActiveCfg = Release|Any CPU
		{BB9B9B2B-A867-4C28-82EB-3959A696FF37}.Release|Any CPU.Build.0 = Release|Any CPU
	EndGlobalSection
	GlobalSection(SolutionProperties) = preSolution
		HideSolutionNode = FALSE
	EndGlobalSection
	GlobalSection(ExtensibilityGlobals) = postSolution
		SolutionGuid = {1E90DE61-0C52-495F-BDD8-084A75BB5ECA}
	EndGlobalSection
EndGlobal
