
Microsoft Visual Studio Solution File, Format Version 12.00
# Visual Studio Version 16
VisualStudioVersion = 16.0.29418.71
MinimumVisualStudioVersion = 10.0.40219.1
Project("{FAE04EC0-301F-11D3-BF4B-00C04F79EFBC}") = "C08", "C08\C08.csproj", "{FCDF47AF-81A4-4C04-882A-FDB1096CFDD3}"
EndProject
Global
	GlobalSection(SolutionConfigurationPlatforms) = preSolution
		Debug|Any CPU = Debug|Any CPU
		Release|Any CPU = Release|Any CPU
	EndGlobalSection
	GlobalSection(ProjectConfigurationPlatforms) = postSolution
		{FCDF47AF-81A4-4C04-882A-FDB1096CFDD3}.Debug|Any CPU.ActiveCfg = Debug|Any CPU
		{FCDF47AF-81A4-4C04-882A-FDB1096CFDD3}.Debug|Any CPU.Build.0 = Debug|Any CPU
		{FCDF47AF-81A4-4C04-882A-FDB1096CFDD3}.Release|Any CPU.ActiveCfg = Release|Any CPU
		{FCDF47AF-81A4-4C04-882A-FDB1096CFDD3}.Release|Any CPU.Build.0 = Release|Any CPU
	EndGlobalSection
	GlobalSection(SolutionProperties) = preSolution
		HideSolutionNode = FALSE
	EndGlobalSection
	GlobalSection(ExtensibilityGlobals) = postSolution
		SolutionGuid = {6D925F8D-3772-4A63-9347-FD7E02CB15BF}
	EndGlobalSection
EndGlobal
